<?xml version="1.0" encoding="utf-8"?>
<Project ToolsVersion="4.0" xmlns="http://schemas.microsoft.com/developer/msbuild/2003">
  <ItemGroup>
    <Filter Include="Source Files">
      <UniqueIdentifier>{4FC737F1-C7A5-4376-A066-2A32D752A2FF}</UniqueIdentifier>
      <Extensions>cpp;c;cc;cxx;def;odl;idl;hpj;bat;asm;asmx</Extensions>
    </Filter>
    <Filter Include="Header Files">
      <UniqueIdentifier>{93995380-89BD-4b04-88EB-625FBE52EBFB}</UniqueIdentifier>
      <Extensions>h;hpp;hxx;hm;inl;inc;xsd</Extensions>
    </Filter>
    <Filter Include="Source Files\Graphics">
      <UniqueIdentifier>{cdcc0736-ac2e-4786-b472-29efe17dd184}</UniqueIdentifier>
    </Filter>
    <Filter Include="Source Files\System">
      <UniqueIdentifier>{77e41581-6dac-46c5-8ac1-1029e5a545ef}</UniqueIdentifier>
    </Filter>
    <Filter Include="Source Files\Util">
      <UniqueIdentifier>{8accaac1-2586-4683-a506-7e2793fb97ee}</UniqueIdentifier>
    </Filter>
    <Filter Include="Header Files\Graphics">
      <UniqueIdentifier>{bd18817b-bb19-41db-bd9c-16ca0ce1d0e7}</UniqueIdentifier>
    </Filter>
    <Filter Include="Header Files\System">
      <UniqueIdentifier>{8c6120c3-16e1-4d64-a9c2-e68e92b65d05}</UniqueIdentifier>
    </Filter>
    <Filter Include="Header Files\Util">
      <UniqueIdentifier>{34db3cb8-43d7-4fdb-8792-34e96aebf6ca}</UniqueIdentifier>
    </Filter>
  </ItemGroup>
  <ItemGroup>
    <ClCompile Include="directx.cpp">
      <Filter>Source Files\Graphics</Filter>
    </ClCompile>
    <ClCompile Include="eventmaster.cpp">
      <Filter>Source Files\System</Filter>
    </ClCompile>
    <ClCompile Include="camera.cpp">
      <Filter>Source Files\System</Filter>
    </ClCompile>
    <ClCompile Include="Console.cpp">
      <Filter>Source Files\System</Filter>
    </ClCompile>
    <ClCompile Include="ImmediateIO.cpp">
      <Filter>Source Files\System</Filter>
    </ClCompile>
    <ClCompile Include="input.cpp">
      <Filter>Source Files\System</Filter>
    </ClCompile>
    <ClCompile Include="matrixd.cpp">
      <Filter>Source Files\Util</Filter>
    </ClCompile>
    <ClCompile Include="mesh.cpp">
      <Filter>Source Files\Graphics</Filter>
    </ClCompile>
    <ClCompile Include="movable.cpp">
      <Filter>Source Files\Util</Filter>
    </ClCompile>
    <ClCompile Include="renderwindow.cpp">
      <Filter>Source Files\System</Filter>
    </ClCompile>
    <ClCompile Include="scene.cpp">
      <Filter>Source Files\System</Filter>
    </ClCompile>
    <ClCompile Include="shader.cpp">
      <Filter>Source Files\Graphics</Filter>
    </ClCompile>
    <ClCompile Include="Source.cpp">
      <Filter>Source Files\System</Filter>
    </ClCompile>
    <ClCompile Include="texture.cpp">
      <Filter>Source Files\Graphics</Filter>
    </ClCompile>
    <ClCompile Include="transformable.cpp">
      <Filter>Source Files\Util</Filter>
    </ClCompile>
    <ClCompile Include="util.cpp">
      <Filter>Source Files\Util</Filter>
    </ClCompile>
    <ClCompile Include="window.cpp">
      <Filter>Source Files\Util</Filter>
    </ClCompile>
    <ClCompile Include="vertex.cpp">
      <Filter>Source Files\Util</Filter>
    </ClCompile>
    <ClCompile Include="raycasting.cpp">
      <Filter>Source Files\Util</Filter>
    </ClCompile>
  </ItemGroup>
  <ItemGroup>
    <ClInclude Include="camera.h">
      <Filter>Header Files\System</Filter>
    </ClInclude>
    <ClInclude Include="Console.h">
      <Filter>Header Files\System</Filter>
    </ClInclude>
    <ClInclude Include="delegates.h">
      <Filter>Header Files\System</Filter>
    </ClInclude>
    <ClInclude Include="directx.h">
      <Filter>Header Files\Graphics</Filter>
    </ClInclude>
    <ClInclude Include="drawable.h">
      <Filter>Header Files\Graphics</Filter>
    </ClInclude>
    <ClInclude Include="enum.h">
      <Filter>Header Files\System</Filter>
    </ClInclude>
    <ClInclude Include="event.h">
      <Filter>Header Files\System</Filter>
    </ClInclude>
    <ClInclude Include="eventmaster.h">
      <Filter>Header Files\System</Filter>
    </ClInclude>
    <ClInclude Include="graphicsinfo.h">
      <Filter>Header Files\Graphics</Filter>
    </ClInclude>
    <ClInclude Include="immediateio.h">
      <Filter>Header Files\System</Filter>
    </ClInclude>
    <ClInclude Include="input.h">
      <Filter>Header Files\System</Filter>
    </ClInclude>
    <ClInclude Include="light.h">
      <Filter>Header Files\Graphics</Filter>
    </ClInclude>
    <ClInclude Include="matrixd.h">
      <Filter>Header Files\Util</Filter>
    </ClInclude>
    <ClInclude Include="mesh.h">
      <Filter>Header Files\Graphics</Filter>
    </ClInclude>
    <ClInclude Include="message.h">
      <Filter>Header Files\System</Filter>
    </ClInclude>
    <ClInclude Include="movable.h">
      <Filter>Header Files\Util</Filter>
    </ClInclude>
    <ClInclude Include="renderstate.h">
      <Filter>Header Files\Graphics</Filter>
    </ClInclude>
    <ClInclude Include="rendertarget.h">
      <Filter>Header Files\Graphics</Filter>
    </ClInclude>
    <ClInclude Include="renderwindow.h">
      <Filter>Header Files\Graphics</Filter>
    </ClInclude>
    <ClInclude Include="resourceloader.h">
      <Filter>Header Files\System</Filter>
    </ClInclude>
    <ClInclude Include="scene.h">
      <Filter>Header Files\System</Filter>
    </ClInclude>
    <ClInclude Include="shader.h">
      <Filter>Header Files\Graphics</Filter>
    </ClInclude>
    <ClInclude Include="shaderbuffertypes.h">
      <Filter>Header Files\Graphics</Filter>
    </ClInclude>
    <ClInclude Include="sprite.h">
      <Filter>Header Files\Graphics</Filter>
    </ClInclude>
    <ClInclude Include="system.h">
      <Filter>Header Files\System</Filter>
    </ClInclude>
    <ClInclude Include="texture.h">
      <Filter>Header Files\Graphics</Filter>
    </ClInclude>
    <ClInclude Include="timer.h">
      <Filter>Header Files\System</Filter>
    </ClInclude>
    <ClInclude Include="transformable.h">
      <Filter>Header Files\Util</Filter>
    </ClInclude>
    <ClInclude Include="util.h">
      <Filter>Header Files\Util</Filter>
    </ClInclude>
    <ClInclude Include="vertex.h">
      <Filter>Header Files\Util</Filter>
    </ClInclude>
    <ClInclude Include="vmfheader.h">
      <Filter>Header Files\Util</Filter>
    </ClInclude>
    <ClInclude Include="window.h">
      <Filter>Header Files\System</Filter>
    </ClInclude>
    <ClInclude Include="game.h">
      <Filter>Header Files\Graphics</Filter>
    </ClInclude>
    <ClInclude Include="raycasting.h">
      <Filter>Header Files\Util</Filter>
    </ClInclude>
  </ItemGroup>
</Project>